<?xml version="1.0" encoding="utf-8"?>
<Project ToolsVersion="4.0" xmlns="http://schemas.microsoft.com/developer/msbuild/2003">
  <ItemGroup>
    <ClCompile Include="CSPs\MdmProxy.cpp">
      <Filter>Source Files\CSPs</Filter>
    </ClCompile>
    <ClCompile Include="CSPs\SyncMLHelpers.cpp">
      <Filter>Source Files\CSPs</Filter>
    </ClCompile>
    <ClCompile Include="Plugins\PluginHelpers.cpp">
      <Filter>Source Files\Plugins</Filter>
    </ClCompile>
    <ClCompile Include="JsonHelpers.cpp">
      <Filter>Source Files</Filter>
    </ClCompile>
    <ClCompile Include="ReportedError.cpp">
      <Filter>Source Files</Filter>
    </ClCompile>
    <ClCompile Include="ReportedErrorList.cpp">
      <Filter>Source Files</Filter>
    </ClCompile>
    <ClCompile Include="ReportedSchema.cpp">
      <Filter>Source Files</Filter>
    </ClCompile>
    <ClCompile Include="ReportedSummary.cpp">
      <Filter>Source Files</Filter>
    </ClCompile>
    <ClCompile Include="stdafx.cpp">
      <Filter>Source Files</Filter>
    </ClCompile>
    <ClCompile Include="Plugins\CrossBinaryRequest.cpp">
      <Filter>Source Files\Plugins</Filter>
    </ClCompile>
    <ClCompile Include="Plugins\CrossBinaryResponse.cpp">
      <Filter>Source Files\Plugins</Filter>
    </ClCompile>
    <ClCompile Include="MetaData.cpp">
      <Filter>Source Files</Filter>
    </ClCompile>
    <ClCompile Include="Plugins\MessageQueue.cpp">
      <Filter>Source Files\Plugins</Filter>
    </ClCompile>
    <ClCompile Include="Plugins\PluginNamedPipeTransport.cpp">
      <Filter>Source Files\Plugins</Filter>
    </ClCompile>
    <ClCompile Include="HandlerBase.cpp">
      <Filter>Source Files</Filter>
    </ClCompile>
    <ClCompile Include="MdmHandlerBase.cpp">
      <Filter>Source Files</Filter>
    </ClCompile>
    <ClCompile Include="Operation.cpp">
      <Filter>Source Files</Filter>
    </ClCompile>
    <ClCompile Include="plugins\Message.cpp">
      <Filter>Source Files\Plugins</Filter>
    </ClCompile>
  </ItemGroup>
  <ItemGroup>
    <ClInclude Include="CSPs\MdmProxy.h">
      <Filter>Header Files\CSPs</Filter>
    </ClInclude>
    <ClInclude Include="CSPs\SyncMLHelpers.h">
      <Filter>Header Files\CSPs</Filter>
    </ClInclude>
    <ClInclude Include="Plugins\PluginConstants.h">
      <Filter>Header Files\Plugins</Filter>
    </ClInclude>
    <ClInclude Include="Plugins\PluginHelpers.h">
      <Filter>Header Files\Plugins</Filter>
    </ClInclude>
    <ClInclude Include="Plugins\PluginInterfaces.h">
      <Filter>Header Files\Plugins</Filter>
    </ClInclude>
    <ClInclude Include="Plugins\PluginJsonConstants.h">
      <Filter>Header Files\Plugins</Filter>
    </ClInclude>
    <ClInclude Include="DMCommon.h">
      <Filter>Header Files</Filter>
    </ClInclude>
    <ClInclude Include="DMInterfaces.h">
      <Filter>Header Files</Filter>
    </ClInclude>
    <ClInclude Include="DMJsonConstants.h">
      <Filter>Header Files</Filter>
    </ClInclude>
    <ClInclude Include="JsonHelpers.h">
      <Filter>Header Files</Filter>
    </ClInclude>
    <ClInclude Include="ReportedError.h">
      <Filter>Header Files</Filter>
    </ClInclude>
    <ClInclude Include="ReportedErrorList.h">
      <Filter>Header Files</Filter>
    </ClInclude>
    <ClInclude Include="ReportedSchema.h">
      <Filter>Header Files</Filter>
    </ClInclude>
    <ClInclude Include="ReportedSummary.h">
      <Filter>Header Files</Filter>
    </ClInclude>
    <ClInclude Include="stdafx.h">
      <Filter>Header Files</Filter>
    </ClInclude>
    <ClInclude Include="targetver.h">
      <Filter>Header Files</Filter>
    </ClInclude>
    <ClInclude Include="Plugins\CrossBinaryRequest.h">
      <Filter>Header Files\Plugins</Filter>
    </ClInclude>
    <ClInclude Include="Plugins\CrossBinaryResponse.h">
      <Filter>Header Files\Plugins</Filter>
    </ClInclude>
    <ClInclude Include="MetaData.h">
      <Filter>Header Files</Filter>
    </ClInclude>
    <ClInclude Include="Plugins\MessageQueue.h">
      <Filter>Header Files\Plugins</Filter>
    </ClInclude>
    <ClInclude Include="Plugins\PluginNamedPipeTransport.h">
      <Filter>Header Files\Plugins</Filter>
    </ClInclude>
    <ClInclude Include="HandlerBase.h">
      <Filter>Header Files</Filter>
    </ClInclude>
    <ClInclude Include="MdmHandlerBase.h">
      <Filter>Header Files</Filter>
    </ClInclude>
    <ClInclude Include="Operation.h">
      <Filter>Header Files</Filter>
    </ClInclude>
    <ClInclude Include="plugins\Message.h">
      <Filter>Header Files\Plugins</Filter>
    </ClInclude>
  </ItemGroup>
  <ItemGroup>
    <Filter Include="Header Files">
      <UniqueIdentifier>{074ab523-bb83-4bfa-a0e6-71d25ce6ad3f}</UniqueIdentifier>
    </Filter>
    <Filter Include="Source Files">
      <UniqueIdentifier>{00d7d263-88c9-4c1f-8982-c8a9ac56160a}</UniqueIdentifier>
    </Filter>
    <Filter Include="Header Files\CSPs">
      <UniqueIdentifier>{79338944-ba12-4f38-bcf1-d43cee30af84}</UniqueIdentifier>
    </Filter>
    <Filter Include="Header Files\Plugins">
      <UniqueIdentifier>{b7fb674f-0b59-4d9b-ada0-c0a7d53cfba7}</UniqueIdentifier>
    </Filter>
    <Filter Include="Source Files\CSPs">
      <UniqueIdentifier>{c0f1ed7a-838f-4919-94d7-9f8900e97140}</UniqueIdentifier>
    </Filter>
    <Filter Include="Source Files\Plugins">
      <UniqueIdentifier>{cd73aa6b-3bca-4858-a4fc-0310144c974f}</UniqueIdentifier>
    </Filter>
  </ItemGroup>
</Project>