
Microsoft Visual Studio Solution File, Format Version 12.00
# Visual Studio 15
VisualStudioVersion = 15.0.27428.2002
MinimumVisualStudioVersion = 10.0.40219.1
Project("{8BC9CEB8-8B4A-11D0-8D11-00A0C91BC942}") = "AzureDeviceManagementClient", "AzureDeviceManagementClient\AzureDeviceManagementClient.vcxproj", "{273A78A2-3672-412C-BDF8-227DB6832389}"
	ProjectSection(ProjectDependencies) = postProject
		{9B01D110-CD1A-46B1-BBCC-C93F6AB10AEA} = {9B01D110-CD1A-46B1-BBCC-C93F6AB10AEA}
		{94F08A43-00C5-4D48-AEB4-9934A42BF9CF} = {94F08A43-00C5-4D48-AEB4-9934A42BF9CF}
		{B432834C-EB8F-4AA7-901F-0A7113ECC657} = {B432834C-EB8F-4AA7-901F-0A7113ECC657}
		{342C1672-1913-408D-907E-082E64DEB404} = {342C1672-1913-408D-907E-082E64DEB404}
		{A41C73F5-5CD5-41B2-BE34-035F3FAE8176} = {A41C73F5-5CD5-41B2-BE34-035F3FAE8176}
	EndProjectSection
EndProject
Project("{8BC9CEB8-8B4A-11D0-8D11-00A0C91BC942}") = "Utilities", "Utilities\Utilities.vcxproj", "{A41C73F5-5CD5-41B2-BE34-035F3FAE8176}"
EndProject
Project("{8BC9CEB8-8B4A-11D0-8D11-00A0C91BC942}") = "AzureDeviceProvisioningClient", "AzureDeviceProvisioningClient\AzureDeviceProvisioningClient.vcxproj", "{9B01D110-CD1A-46B1-BBCC-C93F6AB10AEA}"
	ProjectSection(ProjectDependencies) = postProject
		{B432834C-EB8F-4AA7-901F-0A7113ECC657} = {B432834C-EB8F-4AA7-901F-0A7113ECC657}
		{494190CF-79B0-49D9-8DCA-BAB4CBD5A2E6} = {494190CF-79B0-49D9-8DCA-BAB4CBD5A2E6}
	EndProjectSection
EndProject
Project("{8BC9CEB8-8B4A-11D0-8D11-00A0C91BC942}") = "LimpetApi", "LimpetApi\LimpetApi.vcxproj", "{342C1672-1913-408D-907E-082E64DEB404}"
	ProjectSection(ProjectDependencies) = postProject
		{B432834C-EB8F-4AA7-901F-0A7113ECC657} = {B432834C-EB8F-4AA7-901F-0A7113ECC657}
		{494190CF-79B0-49D9-8DCA-BAB4CBD5A2E6} = {494190CF-79B0-49D9-8DCA-BAB4CBD5A2E6}
	EndProjectSection
EndProject
Project("{8BC9CEB8-8B4A-11D0-8D11-00A0C91BC942}") = "Limpet", "Limpet\Limpet.vcxproj", "{C274C72E-285E-4920-A338-A215A228A51C}"
	ProjectSection(ProjectDependencies) = postProject
		{9B01D110-CD1A-46B1-BBCC-C93F6AB10AEA} = {9B01D110-CD1A-46B1-BBCC-C93F6AB10AEA}
		{B432834C-EB8F-4AA7-901F-0A7113ECC657} = {B432834C-EB8F-4AA7-901F-0A7113ECC657}
		{342C1672-1913-408D-907E-082E64DEB404} = {342C1672-1913-408D-907E-082E64DEB404}
		{494190CF-79B0-49D9-8DCA-BAB4CBD5A2E6} = {494190CF-79B0-49D9-8DCA-BAB4CBD5A2E6}
		{A41C73F5-5CD5-41B2-BE34-035F3FAE8176} = {A41C73F5-5CD5-41B2-BE34-035F3FAE8176}
	EndProjectSection
EndProject
Project("{2150E333-8FDC-42A3-9474-1A3956D46DE8}") = "deps", "deps", "{846F7B03-8369-4D7F-B797-002D761A9C90}"
EndProject
Project("{8BC9CEB8-8B4A-11D0-8D11-00A0C91BC942}") = "Urchin", "..\deps\security\Urchin\Lib\Urchin.vcxproj", "{B432834C-EB8F-4AA7-901F-0A7113ECC657}"
EndProject
Project("{8BC9CEB8-8B4A-11D0-8D11-00A0C91BC942}") = "Platform", "..\deps\security\Urchin\Platform\Platform.vcxproj", "{494190CF-79B0-49D9-8DCA-BAB4CBD5A2E6}"
EndProject
Project("{8BC9CEB8-8B4A-11D0-8D11-00A0C91BC942}") = "AzureDeviceManagementCommon", "AzureDeviceManagementCommon\AzureDeviceManagementCommon.vcxproj", "{94F08A43-00C5-4D48-AEB4-9934A42BF9CF}"
	ProjectSection(ProjectDependencies) = postProject
		{A41C73F5-5CD5-41B2-BE34-035F3FAE8176} = {A41C73F5-5CD5-41B2-BE34-035F3FAE8176}
	EndProjectSection
EndProject
Project("{2150E333-8FDC-42A3-9474-1A3956D46DE8}") = "AzureDeviceManagementPlugins", "AzureDeviceManagementPlugins", "{1075BCEA-F3F4-49EA-BD12-30390B4F3A09}"
EndProject
Project("{8BC9CEB8-8B4A-11D0-8D11-00A0C91BC942}") = "WindowsUpdatePlugin", "AzureDeviceManagementPlugins\WindowsUpdatePlugin\WindowsUpdatePlugin.vcxproj", "{C8742234-5F59-42EC-854B-C5C8FA8C127A}"
	ProjectSection(ProjectDependencies) = postProject
		{94F08A43-00C5-4D48-AEB4-9934A42BF9CF} = {94F08A43-00C5-4D48-AEB4-9934A42BF9CF}
		{1A628163-ABDA-4806-B93B-B6063DF7ED02} = {1A628163-ABDA-4806-B93B-B6063DF7ED02}
		{A41C73F5-5CD5-41B2-BE34-035F3FAE8176} = {A41C73F5-5CD5-41B2-BE34-035F3FAE8176}
	EndProjectSection
EndProject
Project("{8BC9CEB8-8B4A-11D0-8D11-00A0C91BC942}") = "DeviceInfoPlugin", "AzureDeviceManagementPlugins\DeviceInfoPlugin\DeviceInfoPlugin.vcxproj", "{C5DF0224-C294-41FE-983D-04C39C75242C}"
	ProjectSection(ProjectDependencies) = postProject
		{94F08A43-00C5-4D48-AEB4-9934A42BF9CF} = {94F08A43-00C5-4D48-AEB4-9934A42BF9CF}
		{1A628163-ABDA-4806-B93B-B6063DF7ED02} = {1A628163-ABDA-4806-B93B-B6063DF7ED02}
		{A41C73F5-5CD5-41B2-BE34-035F3FAE8176} = {A41C73F5-5CD5-41B2-BE34-035F3FAE8176}
	EndProjectSection
EndProject
Project("{8BC9CEB8-8B4A-11D0-8D11-00A0C91BC942}") = "AzureDeviceManagementPluginCommon", "AzureDeviceManagementPlugins\AzureDeviceManagementPluginCommon\AzureDeviceManagementPluginCommon.vcxproj", "{1A628163-ABDA-4806-B93B-B6063DF7ED02}"
EndProject
Project("{2150E333-8FDC-42A3-9474-1A3956D46DE8}") = "Samples", "Samples", "{93204C80-4DB0-4347-ACE3-17A2AEC95099}"
EndProject
Project("{2150E333-8FDC-42A3-9474-1A3956D46DE8}") = "Plugins", "Plugins", "{F51FA2FD-4F20-4472-88F4-8A13CF234984}"
EndProject
Project("{8BC9CEB8-8B4A-11D0-8D11-00A0C91BC942}") = "DirectRebootManagementPlugin", "Samples\Plugins\DirectRebootManagementPlugin\DirectRebootManagementPlugin.vcxproj", "{03E03F32-B4C5-493C-993F-F81FE5E5DAED}"
	ProjectSection(ProjectDependencies) = postProject
		{94F08A43-00C5-4D48-AEB4-9934A42BF9CF} = {94F08A43-00C5-4D48-AEB4-9934A42BF9CF}
		{1A628163-ABDA-4806-B93B-B6063DF7ED02} = {1A628163-ABDA-4806-B93B-B6063DF7ED02}
		{A41C73F5-5CD5-41B2-BE34-035F3FAE8176} = {A41C73F5-5CD5-41B2-BE34-035F3FAE8176}
	EndProjectSection
EndProject
Project("{8BC9CEB8-8B4A-11D0-8D11-00A0C91BC942}") = "AzureDeviceManagementPluginHost", "AzureDeviceManagementPluginHost\AzureDeviceManagementPluginHost.vcxproj", "{7DAE0696-9FEC-476F-99A3-40D71B6C9278}"
	ProjectSection(ProjectDependencies) = postProject
		{94F08A43-00C5-4D48-AEB4-9934A42BF9CF} = {94F08A43-00C5-4D48-AEB4-9934A42BF9CF}
		{1A628163-ABDA-4806-B93B-B6063DF7ED02} = {1A628163-ABDA-4806-B93B-B6063DF7ED02}
		{A41C73F5-5CD5-41B2-BE34-035F3FAE8176} = {A41C73F5-5CD5-41B2-BE34-035F3FAE8176}
	EndProjectSection
EndProject
Project("{8BC9CEB8-8B4A-11D0-8D11-00A0C91BC942}") = "CertificateManagementPlugin", "AzureDeviceManagementPlugins\CertificateManagementPlugin\CertificateManagementPlugin.vcxproj", "{692E91EB-527D-4B84-AA92-1D13EA3924F9}"
	ProjectSection(ProjectDependencies) = postProject
		{94F08A43-00C5-4D48-AEB4-9934A42BF9CF} = {94F08A43-00C5-4D48-AEB4-9934A42BF9CF}
		{1A628163-ABDA-4806-B93B-B6063DF7ED02} = {1A628163-ABDA-4806-B93B-B6063DF7ED02}
		{A41C73F5-5CD5-41B2-BE34-035F3FAE8176} = {A41C73F5-5CD5-41B2-BE34-035F3FAE8176}
	EndProjectSection
EndProject
Project("{8BC9CEB8-8B4A-11D0-8D11-00A0C91BC942}") = "FactoryResetPlugin", "AzureDeviceManagementPlugins\FactoryResetPlugin\FactoryResetPlugin.vcxproj", "{E1A3ACF4-72BB-4867-BA54-B7332BF13AB4}"
	ProjectSection(ProjectDependencies) = postProject
		{94F08A43-00C5-4D48-AEB4-9934A42BF9CF} = {94F08A43-00C5-4D48-AEB4-9934A42BF9CF}
		{B432834C-EB8F-4AA7-901F-0A7113ECC657} = {B432834C-EB8F-4AA7-901F-0A7113ECC657}
		{1A628163-ABDA-4806-B93B-B6063DF7ED02} = {1A628163-ABDA-4806-B93B-B6063DF7ED02}
		{342C1672-1913-408D-907E-082E64DEB404} = {342C1672-1913-408D-907E-082E64DEB404}
		{494190CF-79B0-49D9-8DCA-BAB4CBD5A2E6} = {494190CF-79B0-49D9-8DCA-BAB4CBD5A2E6}
		{A41C73F5-5CD5-41B2-BE34-035F3FAE8176} = {A41C73F5-5CD5-41B2-BE34-035F3FAE8176}
	EndProjectSection
EndProject
Project("{8BC9CEB8-8B4A-11D0-8D11-00A0C91BC942}") = "RebootPlugin", "AzureDeviceManagementPlugins\RebootPlugin\RebootPlugin.vcxproj", "{44AA7640-E99B-47BA-8F6E-61E7206CFC33}"
	ProjectSection(ProjectDependencies) = postProject
		{94F08A43-00C5-4D48-AEB4-9934A42BF9CF} = {94F08A43-00C5-4D48-AEB4-9934A42BF9CF}
		{1A628163-ABDA-4806-B93B-B6063DF7ED02} = {1A628163-ABDA-4806-B93B-B6063DF7ED02}
		{A41C73F5-5CD5-41B2-BE34-035F3FAE8176} = {A41C73F5-5CD5-41B2-BE34-035F3FAE8176}
	EndProjectSection
EndProject
Project("{8BC9CEB8-8B4A-11D0-8D11-00A0C91BC942}") = "RemoteWipePlugin", "AzureDeviceManagementPlugins\RemoteWipePlugin\RemoteWipePlugin.vcxproj", "{56B271AE-8FFE-44C2-A0FB-EA7306ECD664}"
	ProjectSection(ProjectDependencies) = postProject
		{94F08A43-00C5-4D48-AEB4-9934A42BF9CF} = {94F08A43-00C5-4D48-AEB4-9934A42BF9CF}
		{B432834C-EB8F-4AA7-901F-0A7113ECC657} = {B432834C-EB8F-4AA7-901F-0A7113ECC657}
		{1A628163-ABDA-4806-B93B-B6063DF7ED02} = {1A628163-ABDA-4806-B93B-B6063DF7ED02}
		{342C1672-1913-408D-907E-082E64DEB404} = {342C1672-1913-408D-907E-082E64DEB404}
		{494190CF-79B0-49D9-8DCA-BAB4CBD5A2E6} = {494190CF-79B0-49D9-8DCA-BAB4CBD5A2E6}
		{A41C73F5-5CD5-41B2-BE34-035F3FAE8176} = {A41C73F5-5CD5-41B2-BE34-035F3FAE8176}
	EndProjectSection
EndProject
Project("{8BC9CEB8-8B4A-11D0-8D11-00A0C91BC942}") = "TimePlugin", "AzureDeviceManagementPlugins\TimePlugin\TimePlugin.vcxproj", "{E77C0BCF-1286-4EB0-B5A1-E809BB936AF9}"
	ProjectSection(ProjectDependencies) = postProject
		{94F08A43-00C5-4D48-AEB4-9934A42BF9CF} = {94F08A43-00C5-4D48-AEB4-9934A42BF9CF}
		{1A628163-ABDA-4806-B93B-B6063DF7ED02} = {1A628163-ABDA-4806-B93B-B6063DF7ED02}
		{A41C73F5-5CD5-41B2-BE34-035F3FAE8176} = {A41C73F5-5CD5-41B2-BE34-035F3FAE8176}
	EndProjectSection
EndProject
Project("{8BC9CEB8-8B4A-11D0-8D11-00A0C91BC942}") = "WindowsTelemetryPlugin", "AzureDeviceManagementPlugins\WindowsTelemetryPlugin\WindowsTelemetryPlugin.vcxproj", "{9C115691-ABD6-4963-8C48-9DB212E5F4CA}"
	ProjectSection(ProjectDependencies) = postProject
		{94F08A43-00C5-4D48-AEB4-9934A42BF9CF} = {94F08A43-00C5-4D48-AEB4-9934A42BF9CF}
		{1A628163-ABDA-4806-B93B-B6063DF7ED02} = {1A628163-ABDA-4806-B93B-B6063DF7ED02}
		{A41C73F5-5CD5-41B2-BE34-035F3FAE8176} = {A41C73F5-5CD5-41B2-BE34-035F3FAE8176}
	EndProjectSection
EndProject
Project("{2150E333-8FDC-42A3-9474-1A3956D46DE8}") = "Tools", "Tools", "{DF0B50C9-5F6B-4F81-9C4D-D7CB30868C8D}"
EndProject
Project("{FAE04EC0-301F-11D3-BF4B-00C04F79EFBC}") = "DMMockClient", "Tools\DMMockClient\DMMockClient.csproj", "{BA660E7F-D9AE-49AA-8ADF-0A53CE284D3E}"
EndProject
Project("{FAE04EC0-301F-11D3-BF4B-00C04F79EFBC}") = "DMMockPortal", "Tools\DMMockPortal\DMMockPortal.csproj", "{7E332748-5155-49AA-89C4-C588C4724DFB}"
EndProject
Project("{9A19103F-16F7-4668-BE54-9A1E7A4F7556}") = "DMConsoleValidator", "Tools\DMValidator\CLI\DMConsoleValidator.csproj", "{89559945-4AAA-497D-BDC4-CA34CF9BEC44}"
EndProject
Project("{8BC9CEB8-8B4A-11D0-8D11-00A0C91BC942}") = "PluginCreator", "Tools\PluginCreator\PluginCreator.vcxproj", "{95F4D204-F8E5-4D82-B2D9-725D752ECECB}"
	ProjectSection(ProjectDependencies) = postProject
		{A41C73F5-5CD5-41B2-BE34-035F3FAE8176} = {A41C73F5-5CD5-41B2-BE34-035F3FAE8176}
	EndProjectSection
EndProject
Global
	GlobalSection(SolutionConfigurationPlatforms) = preSolution
		Debug|Any CPU = Debug|Any CPU
		Debug|ARM = Debug|ARM
		Debug|ARM64 = Debug|ARM64
		Debug|x64 = Debug|x64
		Debug|x86 = Debug|x86
		Release|Any CPU = Release|Any CPU
		Release|ARM = Release|ARM
		Release|ARM64 = Release|ARM64
		Release|x64 = Release|x64
		Release|x86 = Release|x86
	EndGlobalSection
	GlobalSection(ProjectConfigurationPlatforms) = postSolution
		{273A78A2-3672-412C-BDF8-227DB6832389}.Debug|Any CPU.ActiveCfg = Debug|Win32
		{273A78A2-3672-412C-BDF8-227DB6832389}.Debug|ARM.ActiveCfg = Debug|ARM
		{273A78A2-3672-412C-BDF8-227DB6832389}.Debug|ARM.Build.0 = Debug|ARM
		{273A78A2-3672-412C-BDF8-227DB6832389}.Debug|ARM64.ActiveCfg = Debug|Win32
		{273A78A2-3672-412C-BDF8-227DB6832389}.Debug|x64.ActiveCfg = Debug|x64
		{273A78A2-3672-412C-BDF8-227DB6832389}.Debug|x64.Build.0 = Debug|x64
		{273A78A2-3672-412C-BDF8-227DB6832389}.Debug|x86.ActiveCfg = Debug|Win32
		{273A78A2-3672-412C-BDF8-227DB6832389}.Debug|x86.Build.0 = Debug|Win32
		{273A78A2-3672-412C-BDF8-227DB6832389}.Release|Any CPU.ActiveCfg = Release|Win32
		{273A78A2-3672-412C-BDF8-227DB6832389}.Release|ARM.ActiveCfg = Release|ARM
		{273A78A2-3672-412C-BDF8-227DB6832389}.Release|ARM.Build.0 = Release|ARM
		{273A78A2-3672-412C-BDF8-227DB6832389}.Release|ARM64.ActiveCfg = Release|Win32
		{273A78A2-3672-412C-BDF8-227DB6832389}.Release|x64.ActiveCfg = Release|x64
		{273A78A2-3672-412C-BDF8-227DB6832389}.Release|x64.Build.0 = Release|x64
		{273A78A2-3672-412C-BDF8-227DB6832389}.Release|x86.ActiveCfg = Release|Win32
		{273A78A2-3672-412C-BDF8-227DB6832389}.Release|x86.Build.0 = Release|Win32
		{A41C73F5-5CD5-41B2-BE34-035F3FAE8176}.Debug|Any CPU.ActiveCfg = Debug|Win32
		{A41C73F5-5CD5-41B2-BE34-035F3FAE8176}.Debug|ARM.ActiveCfg = Debug|ARM
		{A41C73F5-5CD5-41B2-BE34-035F3FAE8176}.Debug|ARM.Build.0 = Debug|ARM
		{A41C73F5-5CD5-41B2-BE34-035F3FAE8176}.Debug|ARM64.ActiveCfg = Debug|ARM64
		{A41C73F5-5CD5-41B2-BE34-035F3FAE8176}.Debug|ARM64.Build.0 = Debug|ARM64
		{A41C73F5-5CD5-41B2-BE34-035F3FAE8176}.Debug|x64.ActiveCfg = Debug|x64
		{A41C73F5-5CD5-41B2-BE34-035F3FAE8176}.Debug|x64.Build.0 = Debug|x64
		{A41C73F5-5CD5-41B2-BE34-035F3FAE8176}.Debug|x86.ActiveCfg = Debug|Win32
		{A41C73F5-5CD5-41B2-BE34-035F3FAE8176}.Debug|x86.Build.0 = Debug|Win32
		{A41C73F5-5CD5-41B2-BE34-035F3FAE8176}.Release|Any CPU.ActiveCfg = Release|Win32
		{A41C73F5-5CD5-41B2-BE34-035F3FAE8176}.Release|ARM.ActiveCfg = Release|ARM
		{A41C73F5-5CD5-41B2-BE34-035F3FAE8176}.Release|ARM.Build.0 = Release|ARM
		{A41C73F5-5CD5-41B2-BE34-035F3FAE8176}.Release|ARM64.ActiveCfg = Release|ARM64
		{A41C73F5-5CD5-41B2-BE34-035F3FAE8176}.Release|ARM64.Build.0 = Release|ARM64
		{A41C73F5-5CD5-41B2-BE34-035F3FAE8176}.Release|x64.ActiveCfg = Release|x64
		{A41C73F5-5CD5-41B2-BE34-035F3FAE8176}.Release|x64.Build.0 = Release|x64
		{A41C73F5-5CD5-41B2-BE34-035F3FAE8176}.Release|x86.ActiveCfg = Release|Win32
		{A41C73F5-5CD5-41B2-BE34-035F3FAE8176}.Release|x86.Build.0 = Release|Win32
		{9B01D110-CD1A-46B1-BBCC-C93F6AB10AEA}.Debug|Any CPU.ActiveCfg = Debug|Win32
		{9B01D110-CD1A-46B1-BBCC-C93F6AB10AEA}.Debug|ARM.ActiveCfg = Debug|ARM
		{9B01D110-CD1A-46B1-BBCC-C93F6AB10AEA}.Debug|ARM.Build.0 = Debug|ARM
		{9B01D110-CD1A-46B1-BBCC-C93F6AB10AEA}.Debug|ARM64.ActiveCfg = Debug|ARM64
		{9B01D110-CD1A-46B1-BBCC-C93F6AB10AEA}.Debug|ARM64.Build.0 = Debug|ARM64
		{9B01D110-CD1A-46B1-BBCC-C93F6AB10AEA}.Debug|x64.ActiveCfg = Debug|x64
		{9B01D110-CD1A-46B1-BBCC-C93F6AB10AEA}.Debug|x64.Build.0 = Debug|x64
		{9B01D110-CD1A-46B1-BBCC-C93F6AB10AEA}.Debug|x86.ActiveCfg = Debug|Win32
		{9B01D110-CD1A-46B1-BBCC-C93F6AB10AEA}.Debug|x86.Build.0 = Debug|Win32
		{9B01D110-CD1A-46B1-BBCC-C93F6AB10AEA}.Release|Any CPU.ActiveCfg = Release|Win32
		{9B01D110-CD1A-46B1-BBCC-C93F6AB10AEA}.Release|ARM.ActiveCfg = Release|ARM
		{9B01D110-CD1A-46B1-BBCC-C93F6AB10AEA}.Release|ARM.Build.0 = Release|ARM
		{9B01D110-CD1A-46B1-BBCC-C93F6AB10AEA}.Release|ARM64.ActiveCfg = Release|ARM64
		{9B01D110-CD1A-46B1-BBCC-C93F6AB10AEA}.Release|ARM64.Build.0 = Release|ARM64
		{9B01D110-CD1A-46B1-BBCC-C93F6AB10AEA}.Release|x64.ActiveCfg = Release|x64
		{9B01D110-CD1A-46B1-BBCC-C93F6AB10AEA}.Release|x64.Build.0 = Release|x64
		{9B01D110-CD1A-46B1-BBCC-C93F6AB10AEA}.Release|x86.ActiveCfg = Release|Win32
		{9B01D110-CD1A-46B1-BBCC-C93F6AB10AEA}.Release|x86.Build.0 = Release|Win32
		{342C1672-1913-408D-907E-082E64DEB404}.Debug|Any CPU.ActiveCfg = Debug|Win32
		{342C1672-1913-408D-907E-082E64DEB404}.Debug|ARM.ActiveCfg = Debug|ARM
		{342C1672-1913-408D-907E-082E64DEB404}.Debug|ARM.Build.0 = Debug|ARM
		{342C1672-1913-408D-907E-082E64DEB404}.Debug|ARM64.ActiveCfg = Debug|ARM64
		{342C1672-1913-408D-907E-082E64DEB404}.Debug|ARM64.Build.0 = Debug|ARM64
		{342C1672-1913-408D-907E-082E64DEB404}.Debug|x64.ActiveCfg = Debug|x64
		{342C1672-1913-408D-907E-082E64DEB404}.Debug|x64.Build.0 = Debug|x64
		{342C1672-1913-408D-907E-082E64DEB404}.Debug|x86.ActiveCfg = Debug|Win32
		{342C1672-1913-408D-907E-082E64DEB404}.Debug|x86.Build.0 = Debug|Win32
		{342C1672-1913-408D-907E-082E64DEB404}.Release|Any CPU.ActiveCfg = Release|Win32
		{342C1672-1913-408D-907E-082E64DEB404}.Release|ARM.ActiveCfg = Release|ARM
		{342C1672-1913-408D-907E-082E64DEB404}.Release|ARM.Build.0 = Release|ARM
		{342C1672-1913-408D-907E-082E64DEB404}.Release|ARM64.ActiveCfg = Release|ARM64
		{342C1672-1913-408D-907E-082E64DEB404}.Release|ARM64.Build.0 = Release|ARM64
		{342C1672-1913-408D-907E-082E64DEB404}.Release|x64.ActiveCfg = Release|x64
		{342C1672-1913-408D-907E-082E64DEB404}.Release|x64.Build.0 = Release|x64
		{342C1672-1913-408D-907E-082E64DEB404}.Release|x86.ActiveCfg = Release|Win32
		{342C1672-1913-408D-907E-082E64DEB404}.Release|x86.Build.0 = Release|Win32
		{C274C72E-285E-4920-A338-A215A228A51C}.Debug|Any CPU.ActiveCfg = Debug|Win32
		{C274C72E-285E-4920-A338-A215A228A51C}.Debug|ARM.ActiveCfg = Debug|ARM
		{C274C72E-285E-4920-A338-A215A228A51C}.Debug|ARM.Build.0 = Debug|ARM
		{C274C72E-285E-4920-A338-A215A228A51C}.Debug|ARM64.ActiveCfg = Debug|ARM64
		{C274C72E-285E-4920-A338-A215A228A51C}.Debug|ARM64.Build.0 = Debug|ARM64
		{C274C72E-285E-4920-A338-A215A228A51C}.Debug|x64.ActiveCfg = Debug|x64
		{C274C72E-285E-4920-A338-A215A228A51C}.Debug|x64.Build.0 = Debug|x64
		{C274C72E-285E-4920-A338-A215A228A51C}.Debug|x86.ActiveCfg = Debug|Win32
		{C274C72E-285E-4920-A338-A215A228A51C}.Debug|x86.Build.0 = Debug|Win32
		{C274C72E-285E-4920-A338-A215A228A51C}.Release|Any CPU.ActiveCfg = Release|Win32
		{C274C72E-285E-4920-A338-A215A228A51C}.Release|ARM.ActiveCfg = Release|ARM
		{C274C72E-285E-4920-A338-A215A228A51C}.Release|ARM.Build.0 = Release|ARM
		{C274C72E-285E-4920-A338-A215A228A51C}.Release|ARM64.ActiveCfg = Release|ARM64
		{C274C72E-285E-4920-A338-A215A228A51C}.Release|ARM64.Build.0 = Release|ARM64
		{C274C72E-285E-4920-A338-A215A228A51C}.Release|x64.ActiveCfg = Release|x64
		{C274C72E-285E-4920-A338-A215A228A51C}.Release|x64.Build.0 = Release|x64
		{C274C72E-285E-4920-A338-A215A228A51C}.Release|x86.ActiveCfg = Release|Win32
		{C274C72E-285E-4920-A338-A215A228A51C}.Release|x86.Build.0 = Release|Win32
		{B432834C-EB8F-4AA7-901F-0A7113ECC657}.Debug|Any CPU.ActiveCfg = Debug|Win32
		{B432834C-EB8F-4AA7-901F-0A7113ECC657}.Debug|ARM.ActiveCfg = Debug|ARM
		{B432834C-EB8F-4AA7-901F-0A7113ECC657}.Debug|ARM.Build.0 = Debug|ARM
		{B432834C-EB8F-4AA7-901F-0A7113ECC657}.Debug|ARM64.ActiveCfg = Debug|Win32
		{B432834C-EB8F-4AA7-901F-0A7113ECC657}.Debug|x64.ActiveCfg = Debug|x64
		{B432834C-EB8F-4AA7-901F-0A7113ECC657}.Debug|x64.Build.0 = Debug|x64
		{B432834C-EB8F-4AA7-901F-0A7113ECC657}.Debug|x86.ActiveCfg = Debug|Win32
		{B432834C-EB8F-4AA7-901F-0A7113ECC657}.Debug|x86.Build.0 = Debug|Win32
		{B432834C-EB8F-4AA7-901F-0A7113ECC657}.Release|Any CPU.ActiveCfg = Release|Win32
		{B432834C-EB8F-4AA7-901F-0A7113ECC657}.Release|ARM.ActiveCfg = Release|ARM
		{B432834C-EB8F-4AA7-901F-0A7113ECC657}.Release|ARM.Build.0 = Release|ARM
		{B432834C-EB8F-4AA7-901F-0A7113ECC657}.Release|ARM64.ActiveCfg = Release|Win32
		{B432834C-EB8F-4AA7-901F-0A7113ECC657}.Release|x64.ActiveCfg = Release|x64
		{B432834C-EB8F-4AA7-901F-0A7113ECC657}.Release|x64.Build.0 = Release|x64
		{B432834C-EB8F-4AA7-901F-0A7113ECC657}.Release|x86.ActiveCfg = Release|Win32
		{B432834C-EB8F-4AA7-901F-0A7113ECC657}.Release|x86.Build.0 = Release|Win32
		{494190CF-79B0-49D9-8DCA-BAB4CBD5A2E6}.Debug|Any CPU.ActiveCfg = Debug|Win32
		{494190CF-79B0-49D9-8DCA-BAB4CBD5A2E6}.Debug|ARM.ActiveCfg = Debug|ARM
		{494190CF-79B0-49D9-8DCA-BAB4CBD5A2E6}.Debug|ARM.Build.0 = Debug|ARM
		{494190CF-79B0-49D9-8DCA-BAB4CBD5A2E6}.Debug|ARM64.ActiveCfg = Debug|Win32
		{494190CF-79B0-49D9-8DCA-BAB4CBD5A2E6}.Debug|x64.ActiveCfg = Debug|x64
		{494190CF-79B0-49D9-8DCA-BAB4CBD5A2E6}.Debug|x64.Build.0 = Debug|x64
		{494190CF-79B0-49D9-8DCA-BAB4CBD5A2E6}.Debug|x86.ActiveCfg = Debug|Win32
		{494190CF-79B0-49D9-8DCA-BAB4CBD5A2E6}.Debug|x86.Build.0 = Debug|Win32
		{494190CF-79B0-49D9-8DCA-BAB4CBD5A2E6}.Release|Any CPU.ActiveCfg = Release|Win32
		{494190CF-79B0-49D9-8DCA-BAB4CBD5A2E6}.Release|ARM.ActiveCfg = Release|ARM
		{494190CF-79B0-49D9-8DCA-BAB4CBD5A2E6}.Release|ARM.Build.0 = Release|ARM
		{494190CF-79B0-49D9-8DCA-BAB4CBD5A2E6}.Release|ARM64.ActiveCfg = Release|Win32
		{494190CF-79B0-49D9-8DCA-BAB4CBD5A2E6}.Release|x64.ActiveCfg = Release|x64
		{494190CF-79B0-49D9-8DCA-BAB4CBD5A2E6}.Release|x64.Build.0 = Release|x64
		{494190CF-79B0-49D9-8DCA-BAB4CBD5A2E6}.Release|x86.ActiveCfg = Release|Win32
		{494190CF-79B0-49D9-8DCA-BAB4CBD5A2E6}.Release|x86.Build.0 = Release|Win32
		{94F08A43-00C5-4D48-AEB4-9934A42BF9CF}.Debug|Any CPU.ActiveCfg = Debug|Win32
		{94F08A43-00C5-4D48-AEB4-9934A42BF9CF}.Debug|ARM.ActiveCfg = Debug|ARM
		{94F08A43-00C5-4D48-AEB4-9934A42BF9CF}.Debug|ARM.Build.0 = Debug|ARM
		{94F08A43-00C5-4D48-AEB4-9934A42BF9CF}.Debug|ARM64.ActiveCfg = Debug|Win32
		{94F08A43-00C5-4D48-AEB4-9934A42BF9CF}.Debug|x64.ActiveCfg = Debug|x64
		{94F08A43-00C5-4D48-AEB4-9934A42BF9CF}.Debug|x64.Build.0 = Debug|x64
		{94F08A43-00C5-4D48-AEB4-9934A42BF9CF}.Debug|x86.ActiveCfg = Debug|Win32
		{94F08A43-00C5-4D48-AEB4-9934A42BF9CF}.Debug|x86.Build.0 = Debug|Win32
		{94F08A43-00C5-4D48-AEB4-9934A42BF9CF}.Release|Any CPU.ActiveCfg = Release|Win32
		{94F08A43-00C5-4D48-AEB4-9934A42BF9CF}.Release|ARM.ActiveCfg = Release|ARM
		{94F08A43-00C5-4D48-AEB4-9934A42BF9CF}.Release|ARM.Build.0 = Release|ARM
		{94F08A43-00C5-4D48-AEB4-9934A42BF9CF}.Release|ARM64.ActiveCfg = Release|Win32
		{94F08A43-00C5-4D48-AEB4-9934A42BF9CF}.Release|x64.ActiveCfg = Release|x64
		{94F08A43-00C5-4D48-AEB4-9934A42BF9CF}.Release|x64.Build.0 = Release|x64
		{94F08A43-00C5-4D48-AEB4-9934A42BF9CF}.Release|x86.ActiveCfg = Release|Win32
		{94F08A43-00C5-4D48-AEB4-9934A42BF9CF}.Release|x86.Build.0 = Release|Win32
		{C8742234-5F59-42EC-854B-C5C8FA8C127A}.Debug|Any CPU.ActiveCfg = Debug|Win32
		{C8742234-5F59-42EC-854B-C5C8FA8C127A}.Debug|ARM.ActiveCfg = Debug|ARM
		{C8742234-5F59-42EC-854B-C5C8FA8C127A}.Debug|ARM.Build.0 = Debug|ARM
		{C8742234-5F59-42EC-854B-C5C8FA8C127A}.Debug|ARM64.ActiveCfg = Debug|Win32
		{C8742234-5F59-42EC-854B-C5C8FA8C127A}.Debug|x64.ActiveCfg = Debug|x64
		{C8742234-5F59-42EC-854B-C5C8FA8C127A}.Debug|x64.Build.0 = Debug|x64
		{C8742234-5F59-42EC-854B-C5C8FA8C127A}.Debug|x86.ActiveCfg = Debug|Win32
		{C8742234-5F59-42EC-854B-C5C8FA8C127A}.Debug|x86.Build.0 = Debug|Win32
		{C8742234-5F59-42EC-854B-C5C8FA8C127A}.Release|Any CPU.ActiveCfg = Release|Win32
		{C8742234-5F59-42EC-854B-C5C8FA8C127A}.Release|ARM.ActiveCfg = Release|ARM
		{C8742234-5F59-42EC-854B-C5C8FA8C127A}.Release|ARM.Build.0 = Release|ARM
		{C8742234-5F59-42EC-854B-C5C8FA8C127A}.Release|ARM64.ActiveCfg = Release|Win32
		{C8742234-5F59-42EC-854B-C5C8FA8C127A}.Release|x64.ActiveCfg = Release|x64
		{C8742234-5F59-42EC-854B-C5C8FA8C127A}.Release|x64.Build.0 = Release|x64
		{C8742234-5F59-42EC-854B-C5C8FA8C127A}.Release|x86.ActiveCfg = Release|Win32
		{C8742234-5F59-42EC-854B-C5C8FA8C127A}.Release|x86.Build.0 = Release|Win32
		{C5DF0224-C294-41FE-983D-04C39C75242C}.Debug|Any CPU.ActiveCfg = Debug|Win32
		{C5DF0224-C294-41FE-983D-04C39C75242C}.Debug|ARM.ActiveCfg = Debug|ARM
		{C5DF0224-C294-41FE-983D-04C39C75242C}.Debug|ARM.Build.0 = Debug|ARM
		{C5DF0224-C294-41FE-983D-04C39C75242C}.Debug|ARM64.ActiveCfg = Debug|Win32
		{C5DF0224-C294-41FE-983D-04C39C75242C}.Debug|x64.ActiveCfg = Debug|x64
		{C5DF0224-C294-41FE-983D-04C39C75242C}.Debug|x64.Build.0 = Debug|x64
		{C5DF0224-C294-41FE-983D-04C39C75242C}.Debug|x86.ActiveCfg = Debug|Win32
		{C5DF0224-C294-41FE-983D-04C39C75242C}.Debug|x86.Build.0 = Debug|Win32
		{C5DF0224-C294-41FE-983D-04C39C75242C}.Release|Any CPU.ActiveCfg = Release|Win32
		{C5DF0224-C294-41FE-983D-04C39C75242C}.Release|ARM.ActiveCfg = Release|ARM
		{C5DF0224-C294-41FE-983D-04C39C75242C}.Release|ARM.Build.0 = Release|ARM
		{C5DF0224-C294-41FE-983D-04C39C75242C}.Release|ARM64.ActiveCfg = Release|Win32
		{C5DF0224-C294-41FE-983D-04C39C75242C}.Release|x64.ActiveCfg = Release|x64
		{C5DF0224-C294-41FE-983D-04C39C75242C}.Release|x64.Build.0 = Release|x64
		{C5DF0224-C294-41FE-983D-04C39C75242C}.Release|x86.ActiveCfg = Release|Win32
		{C5DF0224-C294-41FE-983D-04C39C75242C}.Release|x86.Build.0 = Release|Win32
		{1A628163-ABDA-4806-B93B-B6063DF7ED02}.Debug|Any CPU.ActiveCfg = Debug|Win32
		{1A628163-ABDA-4806-B93B-B6063DF7ED02}.Debug|ARM.ActiveCfg = Debug|ARM
		{1A628163-ABDA-4806-B93B-B6063DF7ED02}.Debug|ARM.Build.0 = Debug|ARM
		{1A628163-ABDA-4806-B93B-B6063DF7ED02}.Debug|ARM64.ActiveCfg = Debug|Win32
		{1A628163-ABDA-4806-B93B-B6063DF7ED02}.Debug|x64.ActiveCfg = Debug|x64
		{1A628163-ABDA-4806-B93B-B6063DF7ED02}.Debug|x64.Build.0 = Debug|x64
		{1A628163-ABDA-4806-B93B-B6063DF7ED02}.Debug|x86.ActiveCfg = Debug|Win32
		{1A628163-ABDA-4806-B93B-B6063DF7ED02}.Debug|x86.Build.0 = Debug|Win32
		{1A628163-ABDA-4806-B93B-B6063DF7ED02}.Release|Any CPU.ActiveCfg = Release|Win32
		{1A628163-ABDA-4806-B93B-B6063DF7ED02}.Release|ARM.ActiveCfg = Release|ARM
		{1A628163-ABDA-4806-B93B-B6063DF7ED02}.Release|ARM.Build.0 = Release|ARM
		{1A628163-ABDA-4806-B93B-B6063DF7ED02}.Release|ARM64.ActiveCfg = Release|Win32
		{1A628163-ABDA-4806-B93B-B6063DF7ED02}.Release|x64.ActiveCfg = Release|x64
		{1A628163-ABDA-4806-B93B-B6063DF7ED02}.Release|x64.Build.0 = Release|x64
		{1A628163-ABDA-4806-B93B-B6063DF7ED02}.Release|x86.ActiveCfg = Release|Win32
		{1A628163-ABDA-4806-B93B-B6063DF7ED02}.Release|x86.Build.0 = Release|Win32
		{03E03F32-B4C5-493C-993F-F81FE5E5DAED}.Debug|Any CPU.ActiveCfg = Debug|Win32
		{03E03F32-B4C5-493C-993F-F81FE5E5DAED}.Debug|ARM.ActiveCfg = Debug|Win32
		{03E03F32-B4C5-493C-993F-F81FE5E5DAED}.Debug|ARM64.ActiveCfg = Debug|Win32
		{03E03F32-B4C5-493C-993F-F81FE5E5DAED}.Debug|x64.ActiveCfg = Debug|x64
		{03E03F32-B4C5-493C-993F-F81FE5E5DAED}.Debug|x64.Build.0 = Debug|x64
		{03E03F32-B4C5-493C-993F-F81FE5E5DAED}.Debug|x86.ActiveCfg = Debug|Win32
		{03E03F32-B4C5-493C-993F-F81FE5E5DAED}.Debug|x86.Build.0 = Debug|Win32
		{03E03F32-B4C5-493C-993F-F81FE5E5DAED}.Release|Any CPU.ActiveCfg = Release|Win32
		{03E03F32-B4C5-493C-993F-F81FE5E5DAED}.Release|ARM.ActiveCfg = Release|Win32
		{03E03F32-B4C5-493C-993F-F81FE5E5DAED}.Release|ARM64.ActiveCfg = Release|Win32
		{03E03F32-B4C5-493C-993F-F81FE5E5DAED}.Release|x64.ActiveCfg = Release|x64
		{03E03F32-B4C5-493C-993F-F81FE5E5DAED}.Release|x64.Build.0 = Release|x64
		{03E03F32-B4C5-493C-993F-F81FE5E5DAED}.Release|x86.ActiveCfg = Release|Win32
		{03E03F32-B4C5-493C-993F-F81FE5E5DAED}.Release|x86.Build.0 = Release|Win32
		{7DAE0696-9FEC-476F-99A3-40D71B6C9278}.Debug|Any CPU.ActiveCfg = Debug|Win32
		{7DAE0696-9FEC-476F-99A3-40D71B6C9278}.Debug|ARM.ActiveCfg = Debug|ARM
		{7DAE0696-9FEC-476F-99A3-40D71B6C9278}.Debug|ARM.Build.0 = Debug|ARM
		{7DAE0696-9FEC-476F-99A3-40D71B6C9278}.Debug|ARM64.ActiveCfg = Debug|Win32
		{7DAE0696-9FEC-476F-99A3-40D71B6C9278}.Debug|x64.ActiveCfg = Debug|x64
		{7DAE0696-9FEC-476F-99A3-40D71B6C9278}.Debug|x64.Build.0 = Debug|x64
		{7DAE0696-9FEC-476F-99A3-40D71B6C9278}.Debug|x86.ActiveCfg = Debug|Win32
		{7DAE0696-9FEC-476F-99A3-40D71B6C9278}.Debug|x86.Build.0 = Debug|Win32
		{7DAE0696-9FEC-476F-99A3-40D71B6C9278}.Release|Any CPU.ActiveCfg = Release|Win32
		{7DAE0696-9FEC-476F-99A3-40D71B6C9278}.Release|ARM.ActiveCfg = Release|ARM
		{7DAE0696-9FEC-476F-99A3-40D71B6C9278}.Release|ARM.Build.0 = Release|ARM
		{7DAE0696-9FEC-476F-99A3-40D71B6C9278}.Release|ARM64.ActiveCfg = Release|Win32
		{7DAE0696-9FEC-476F-99A3-40D71B6C9278}.Release|x64.ActiveCfg = Release|x64
		{7DAE0696-9FEC-476F-99A3-40D71B6C9278}.Release|x64.Build.0 = Release|x64
		{7DAE0696-9FEC-476F-99A3-40D71B6C9278}.Release|x86.ActiveCfg = Release|Win32
		{7DAE0696-9FEC-476F-99A3-40D71B6C9278}.Release|x86.Build.0 = Release|Win32
		{692E91EB-527D-4B84-AA92-1D13EA3924F9}.Debug|Any CPU.ActiveCfg = Debug|Win32
		{692E91EB-527D-4B84-AA92-1D13EA3924F9}.Debug|ARM.ActiveCfg = Debug|ARM
		{692E91EB-527D-4B84-AA92-1D13EA3924F9}.Debug|ARM.Build.0 = Debug|ARM
		{692E91EB-527D-4B84-AA92-1D13EA3924F9}.Debug|ARM64.ActiveCfg = Debug|Win32
		{692E91EB-527D-4B84-AA92-1D13EA3924F9}.Debug|x64.ActiveCfg = Debug|x64
		{692E91EB-527D-4B84-AA92-1D13EA3924F9}.Debug|x64.Build.0 = Debug|x64
		{692E91EB-527D-4B84-AA92-1D13EA3924F9}.Debug|x86.ActiveCfg = Debug|Win32
		{692E91EB-527D-4B84-AA92-1D13EA3924F9}.Debug|x86.Build.0 = Debug|Win32
		{692E91EB-527D-4B84-AA92-1D13EA3924F9}.Release|Any CPU.ActiveCfg = Release|Win32
		{692E91EB-527D-4B84-AA92-1D13EA3924F9}.Release|ARM.ActiveCfg = Release|ARM
		{692E91EB-527D-4B84-AA92-1D13EA3924F9}.Release|ARM.Build.0 = Release|ARM
		{692E91EB-527D-4B84-AA92-1D13EA3924F9}.Release|ARM64.ActiveCfg = Release|Win32
		{692E91EB-527D-4B84-AA92-1D13EA3924F9}.Release|x64.ActiveCfg = Release|x64
		{692E91EB-527D-4B84-AA92-1D13EA3924F9}.Release|x64.Build.0 = Release|x64
		{692E91EB-527D-4B84-AA92-1D13EA3924F9}.Release|x86.ActiveCfg = Release|Win32
		{692E91EB-527D-4B84-AA92-1D13EA3924F9}.Release|x86.Build.0 = Release|Win32
		{E1A3ACF4-72BB-4867-BA54-B7332BF13AB4}.Debug|Any CPU.ActiveCfg = Debug|Win32
		{E1A3ACF4-72BB-4867-BA54-B7332BF13AB4}.Debug|ARM.ActiveCfg = Debug|ARM
		{E1A3ACF4-72BB-4867-BA54-B7332BF13AB4}.Debug|ARM.Build.0 = Debug|ARM
		{E1A3ACF4-72BB-4867-BA54-B7332BF13AB4}.Debug|ARM64.ActiveCfg = Debug|Win32
		{E1A3ACF4-72BB-4867-BA54-B7332BF13AB4}.Debug|x64.ActiveCfg = Debug|x64
		{E1A3ACF4-72BB-4867-BA54-B7332BF13AB4}.Debug|x64.Build.0 = Debug|x64
		{E1A3ACF4-72BB-4867-BA54-B7332BF13AB4}.Debug|x86.ActiveCfg = Debug|Win32
		{E1A3ACF4-72BB-4867-BA54-B7332BF13AB4}.Debug|x86.Build.0 = Debug|Win32
		{E1A3ACF4-72BB-4867-BA54-B7332BF13AB4}.Release|Any CPU.ActiveCfg = Release|Win32
		{E1A3ACF4-72BB-4867-BA54-B7332BF13AB4}.Release|ARM.ActiveCfg = Release|ARM
		{E1A3ACF4-72BB-4867-BA54-B7332BF13AB4}.Release|ARM.Build.0 = Release|ARM
		{E1A3ACF4-72BB-4867-BA54-B7332BF13AB4}.Release|ARM64.ActiveCfg = Release|Win32
		{E1A3ACF4-72BB-4867-BA54-B7332BF13AB4}.Release|x64.ActiveCfg = Release|x64
		{E1A3ACF4-72BB-4867-BA54-B7332BF13AB4}.Release|x64.Build.0 = Release|x64
		{E1A3ACF4-72BB-4867-BA54-B7332BF13AB4}.Release|x86.ActiveCfg = Release|Win32
		{E1A3ACF4-72BB-4867-BA54-B7332BF13AB4}.Release|x86.Build.0 = Release|Win32
		{44AA7640-E99B-47BA-8F6E-61E7206CFC33}.Debug|Any CPU.ActiveCfg = Debug|Win32
		{44AA7640-E99B-47BA-8F6E-61E7206CFC33}.Debug|ARM.ActiveCfg = Debug|ARM
		{44AA7640-E99B-47BA-8F6E-61E7206CFC33}.Debug|ARM.Build.0 = Debug|ARM
		{44AA7640-E99B-47BA-8F6E-61E7206CFC33}.Debug|ARM64.ActiveCfg = Debug|Win32
		{44AA7640-E99B-47BA-8F6E-61E7206CFC33}.Debug|x64.ActiveCfg = Debug|x64
		{44AA7640-E99B-47BA-8F6E-61E7206CFC33}.Debug|x64.Build.0 = Debug|x64
		{44AA7640-E99B-47BA-8F6E-61E7206CFC33}.Debug|x86.ActiveCfg = Debug|Win32
		{44AA7640-E99B-47BA-8F6E-61E7206CFC33}.Debug|x86.Build.0 = Debug|Win32
		{44AA7640-E99B-47BA-8F6E-61E7206CFC33}.Release|Any CPU.ActiveCfg = Release|Win32
		{44AA7640-E99B-47BA-8F6E-61E7206CFC33}.Release|ARM.ActiveCfg = Release|ARM
		{44AA7640-E99B-47BA-8F6E-61E7206CFC33}.Release|ARM.Build.0 = Release|ARM
		{44AA7640-E99B-47BA-8F6E-61E7206CFC33}.Release|ARM64.ActiveCfg = Release|Win32
		{44AA7640-E99B-47BA-8F6E-61E7206CFC33}.Release|x64.ActiveCfg = Release|x64
		{44AA7640-E99B-47BA-8F6E-61E7206CFC33}.Release|x64.Build.0 = Release|x64
		{44AA7640-E99B-47BA-8F6E-61E7206CFC33}.Release|x86.ActiveCfg = Release|Win32
		{44AA7640-E99B-47BA-8F6E-61E7206CFC33}.Release|x86.Build.0 = Release|Win32
		{56B271AE-8FFE-44C2-A0FB-EA7306ECD664}.Debug|Any CPU.ActiveCfg = Debug|Win32
		{56B271AE-8FFE-44C2-A0FB-EA7306ECD664}.Debug|ARM.ActiveCfg = Debug|ARM
		{56B271AE-8FFE-44C2-A0FB-EA7306ECD664}.Debug|ARM.Build.0 = Debug|ARM
		{56B271AE-8FFE-44C2-A0FB-EA7306ECD664}.Debug|ARM64.ActiveCfg = Debug|Win32
		{56B271AE-8FFE-44C2-A0FB-EA7306ECD664}.Debug|x64.ActiveCfg = Debug|x64
		{56B271AE-8FFE-44C2-A0FB-EA7306ECD664}.Debug|x64.Build.0 = Debug|x64
		{56B271AE-8FFE-44C2-A0FB-EA7306ECD664}.Debug|x86.ActiveCfg = Debug|Win32
		{56B271AE-8FFE-44C2-A0FB-EA7306ECD664}.Debug|x86.Build.0 = Debug|Win32
		{56B271AE-8FFE-44C2-A0FB-EA7306ECD664}.Release|Any CPU.ActiveCfg = Release|Win32
		{56B271AE-8FFE-44C2-A0FB-EA7306ECD664}.Release|ARM.ActiveCfg = Release|ARM
		{56B271AE-8FFE-44C2-A0FB-EA7306ECD664}.Release|ARM.Build.0 = Release|ARM
		{56B271AE-8FFE-44C2-A0FB-EA7306ECD664}.Release|ARM64.ActiveCfg = Release|Win32
		{56B271AE-8FFE-44C2-A0FB-EA7306ECD664}.Release|x64.ActiveCfg = Release|x64
		{56B271AE-8FFE-44C2-A0FB-EA7306ECD664}.Release|x64.Build.0 = Release|x64
		{56B271AE-8FFE-44C2-A0FB-EA7306ECD664}.Release|x86.ActiveCfg = Release|Win32
		{56B271AE-8FFE-44C2-A0FB-EA7306ECD664}.Release|x86.Build.0 = Release|Win32
		{E77C0BCF-1286-4EB0-B5A1-E809BB936AF9}.Debug|Any CPU.ActiveCfg = Debug|Win32
		{E77C0BCF-1286-4EB0-B5A1-E809BB936AF9}.Debug|ARM.ActiveCfg = Debug|ARM
		{E77C0BCF-1286-4EB0-B5A1-E809BB936AF9}.Debug|ARM.Build.0 = Debug|ARM
		{E77C0BCF-1286-4EB0-B5A1-E809BB936AF9}.Debug|ARM64.ActiveCfg = Debug|Win32
		{E77C0BCF-1286-4EB0-B5A1-E809BB936AF9}.Debug|x64.ActiveCfg = Debug|x64
		{E77C0BCF-1286-4EB0-B5A1-E809BB936AF9}.Debug|x64.Build.0 = Debug|x64
		{E77C0BCF-1286-4EB0-B5A1-E809BB936AF9}.Debug|x86.ActiveCfg = Debug|Win32
		{E77C0BCF-1286-4EB0-B5A1-E809BB936AF9}.Debug|x86.Build.0 = Debug|Win32
		{E77C0BCF-1286-4EB0-B5A1-E809BB936AF9}.Release|Any CPU.ActiveCfg = Release|Win32
		{E77C0BCF-1286-4EB0-B5A1-E809BB936AF9}.Release|ARM.ActiveCfg = Release|ARM
		{E77C0BCF-1286-4EB0-B5A1-E809BB936AF9}.Release|ARM.Build.0 = Release|ARM
		{E77C0BCF-1286-4EB0-B5A1-E809BB936AF9}.Release|ARM64.ActiveCfg = Release|Win32
		{E77C0BCF-1286-4EB0-B5A1-E809BB936AF9}.Release|x64.ActiveCfg = Release|x64
		{E77C0BCF-1286-4EB0-B5A1-E809BB936AF9}.Release|x64.Build.0 = Release|x64
		{E77C0BCF-1286-4EB0-B5A1-E809BB936AF9}.Release|x86.ActiveCfg = Release|Win32
		{E77C0BCF-1286-4EB0-B5A1-E809BB936AF9}.Release|x86.Build.0 = Release|Win32
		{9C115691-ABD6-4963-8C48-9DB212E5F4CA}.Debug|Any CPU.ActiveCfg = Debug|Win32
		{9C115691-ABD6-4963-8C48-9DB212E5F4CA}.Debug|ARM.ActiveCfg = Debug|ARM
		{9C115691-ABD6-4963-8C48-9DB212E5F4CA}.Debug|ARM.Build.0 = Debug|ARM
		{9C115691-ABD6-4963-8C48-9DB212E5F4CA}.Debug|ARM64.ActiveCfg = Debug|Win32
		{9C115691-ABD6-4963-8C48-9DB212E5F4CA}.Debug|x64.ActiveCfg = Debug|x64
		{9C115691-ABD6-4963-8C48-9DB212E5F4CA}.Debug|x64.Build.0 = Debug|x64
		{9C115691-ABD6-4963-8C48-9DB212E5F4CA}.Debug|x86.ActiveCfg = Debug|Win32
		{9C115691-ABD6-4963-8C48-9DB212E5F4CA}.Debug|x86.Build.0 = Debug|Win32
		{9C115691-ABD6-4963-8C48-9DB212E5F4CA}.Release|Any CPU.ActiveCfg = Release|Win32
		{9C115691-ABD6-4963-8C48-9DB212E5F4CA}.Release|ARM.ActiveCfg = Release|ARM
		{9C115691-ABD6-4963-8C48-9DB212E5F4CA}.Release|ARM.Build.0 = Release|ARM
		{9C115691-ABD6-4963-8C48-9DB212E5F4CA}.Release|ARM64.ActiveCfg = Release|Win32
		{9C115691-ABD6-4963-8C48-9DB212E5F4CA}.Release|x64.ActiveCfg = Release|x64
		{9C115691-ABD6-4963-8C48-9DB212E5F4CA}.Release|x64.Build.0 = Release|x64
		{9C115691-ABD6-4963-8C48-9DB212E5F4CA}.Release|x86.ActiveCfg = Release|Win32
		{9C115691-ABD6-4963-8C48-9DB212E5F4CA}.Release|x86.Build.0 = Release|Win32
		{BA660E7F-D9AE-49AA-8ADF-0A53CE284D3E}.Debug|Any CPU.ActiveCfg = Debug|Any CPU
		{BA660E7F-D9AE-49AA-8ADF-0A53CE284D3E}.Debug|Any CPU.Build.0 = Debug|Any CPU
		{BA660E7F-D9AE-49AA-8ADF-0A53CE284D3E}.Debug|ARM.ActiveCfg = Debug|Any CPU
		{BA660E7F-D9AE-49AA-8ADF-0A53CE284D3E}.Debug|ARM.Build.0 = Debug|Any CPU
		{BA660E7F-D9AE-49AA-8ADF-0A53CE284D3E}.Debug|ARM64.ActiveCfg = Debug|Any CPU
		{BA660E7F-D9AE-49AA-8ADF-0A53CE284D3E}.Debug|x64.ActiveCfg = Debug|Any CPU
		{BA660E7F-D9AE-49AA-8ADF-0A53CE284D3E}.Debug|x64.Build.0 = Debug|Any CPU
		{BA660E7F-D9AE-49AA-8ADF-0A53CE284D3E}.Debug|x86.ActiveCfg = Debug|Any CPU
		{BA660E7F-D9AE-49AA-8ADF-0A53CE284D3E}.Debug|x86.Build.0 = Debug|Any CPU
		{BA660E7F-D9AE-49AA-8ADF-0A53CE284D3E}.Release|Any CPU.ActiveCfg = Release|Any CPU
		{BA660E7F-D9AE-49AA-8ADF-0A53CE284D3E}.Release|Any CPU.Build.0 = Release|Any CPU
		{BA660E7F-D9AE-49AA-8ADF-0A53CE284D3E}.Release|ARM.ActiveCfg = Release|Any CPU
		{BA660E7F-D9AE-49AA-8ADF-0A53CE284D3E}.Release|ARM.Build.0 = Release|Any CPU
		{BA660E7F-D9AE-49AA-8ADF-0A53CE284D3E}.Release|ARM64.ActiveCfg = Release|Any CPU
		{BA660E7F-D9AE-49AA-8ADF-0A53CE284D3E}.Release|x64.ActiveCfg = Release|Any CPU
		{BA660E7F-D9AE-49AA-8ADF-0A53CE284D3E}.Release|x64.Build.0 = Release|Any CPU
		{BA660E7F-D9AE-49AA-8ADF-0A53CE284D3E}.Release|x86.ActiveCfg = Release|Any CPU
		{BA660E7F-D9AE-49AA-8ADF-0A53CE284D3E}.Release|x86.Build.0 = Release|Any CPU
		{7E332748-5155-49AA-89C4-C588C4724DFB}.Debug|Any CPU.ActiveCfg = Debug|Any CPU
		{7E332748-5155-49AA-89C4-C588C4724DFB}.Debug|Any CPU.Build.0 = Debug|Any CPU
		{7E332748-5155-49AA-89C4-C588C4724DFB}.Debug|ARM.ActiveCfg = Debug|Any CPU
		{7E332748-5155-49AA-89C4-C588C4724DFB}.Debug|ARM.Build.0 = Debug|Any CPU
		{7E332748-5155-49AA-89C4-C588C4724DFB}.Debug|ARM64.ActiveCfg = Debug|Any CPU
		{7E332748-5155-49AA-89C4-C588C4724DFB}.Debug|x64.ActiveCfg = Debug|Any CPU
		{7E332748-5155-49AA-89C4-C588C4724DFB}.Debug|x64.Build.0 = Debug|Any CPU
		{7E332748-5155-49AA-89C4-C588C4724DFB}.Debug|x86.ActiveCfg = Debug|Any CPU
		{7E332748-5155-49AA-89C4-C588C4724DFB}.Debug|x86.Build.0 = Debug|Any CPU
		{7E332748-5155-49AA-89C4-C588C4724DFB}.Release|Any CPU.ActiveCfg = Release|Any CPU
		{7E332748-5155-49AA-89C4-C588C4724DFB}.Release|Any CPU.Build.0 = Release|Any CPU
		{7E332748-5155-49AA-89C4-C588C4724DFB}.Release|ARM.ActiveCfg = Release|Any CPU
		{7E332748-5155-49AA-89C4-C588C4724DFB}.Release|ARM.Build.0 = Release|Any CPU
		{7E332748-5155-49AA-89C4-C588C4724DFB}.Release|ARM64.ActiveCfg = Release|Any CPU
		{7E332748-5155-49AA-89C4-C588C4724DFB}.Release|x64.ActiveCfg = Release|Any CPU
		{7E332748-5155-49AA-89C4-C588C4724DFB}.Release|x64.Build.0 = Release|Any CPU
		{7E332748-5155-49AA-89C4-C588C4724DFB}.Release|x86.ActiveCfg = Release|Any CPU
		{7E332748-5155-49AA-89C4-C588C4724DFB}.Release|x86.Build.0 = Release|Any CPU
		{89559945-4AAA-497D-BDC4-CA34CF9BEC44}.Debug|Any CPU.ActiveCfg = Debug|Any CPU
		{89559945-4AAA-497D-BDC4-CA34CF9BEC44}.Debug|Any CPU.Build.0 = Debug|Any CPU
		{89559945-4AAA-497D-BDC4-CA34CF9BEC44}.Debug|ARM.ActiveCfg = Debug|Any CPU
		{89559945-4AAA-497D-BDC4-CA34CF9BEC44}.Debug|ARM.Build.0 = Debug|Any CPU
		{89559945-4AAA-497D-BDC4-CA34CF9BEC44}.Debug|ARM64.ActiveCfg = Debug|Any CPU
		{89559945-4AAA-497D-BDC4-CA34CF9BEC44}.Debug|x64.ActiveCfg = Debug|Any CPU
		{89559945-4AAA-497D-BDC4-CA34CF9BEC44}.Debug|x64.Build.0 = Debug|Any CPU
		{89559945-4AAA-497D-BDC4-CA34CF9BEC44}.Debug|x86.ActiveCfg = Debug|Any CPU
		{89559945-4AAA-497D-BDC4-CA34CF9BEC44}.Debug|x86.Build.0 = Debug|Any CPU
		{89559945-4AAA-497D-BDC4-CA34CF9BEC44}.Release|Any CPU.ActiveCfg = Release|Any CPU
		{89559945-4AAA-497D-BDC4-CA34CF9BEC44}.Release|Any CPU.Build.0 = Release|Any CPU
		{89559945-4AAA-497D-BDC4-CA34CF9BEC44}.Release|ARM.ActiveCfg = Release|Any CPU
		{89559945-4AAA-497D-BDC4-CA34CF9BEC44}.Release|ARM.Build.0 = Release|Any CPU
		{89559945-4AAA-497D-BDC4-CA34CF9BEC44}.Release|ARM64.ActiveCfg = Release|Any CPU
		{89559945-4AAA-497D-BDC4-CA34CF9BEC44}.Release|x64.ActiveCfg = Release|Any CPU
		{89559945-4AAA-497D-BDC4-CA34CF9BEC44}.Release|x64.Build.0 = Release|Any CPU
		{89559945-4AAA-497D-BDC4-CA34CF9BEC44}.Release|x86.ActiveCfg = Release|Any CPU
		{89559945-4AAA-497D-BDC4-CA34CF9BEC44}.Release|x86.Build.0 = Release|Any CPU
		{95F4D204-F8E5-4D82-B2D9-725D752ECECB}.Debug|Any CPU.ActiveCfg = Debug|Win32
		{95F4D204-F8E5-4D82-B2D9-725D752ECECB}.Debug|ARM.ActiveCfg = Debug|Win32
		{95F4D204-F8E5-4D82-B2D9-725D752ECECB}.Debug|ARM64.ActiveCfg = Debug|Win32
		{95F4D204-F8E5-4D82-B2D9-725D752ECECB}.Debug|x64.ActiveCfg = Debug|x64
		{95F4D204-F8E5-4D82-B2D9-725D752ECECB}.Debug|x64.Build.0 = Debug|x64
		{95F4D204-F8E5-4D82-B2D9-725D752ECECB}.Debug|x86.ActiveCfg = Debug|Win32
		{95F4D204-F8E5-4D82-B2D9-725D752ECECB}.Debug|x86.Build.0 = Debug|Win32
		{95F4D204-F8E5-4D82-B2D9-725D752ECECB}.Release|Any CPU.ActiveCfg = Release|Win32
		{95F4D204-F8E5-4D82-B2D9-725D752ECECB}.Release|ARM.ActiveCfg = Release|Win32
		{95F4D204-F8E5-4D82-B2D9-725D752ECECB}.Release|ARM64.ActiveCfg = Release|Win32
		{95F4D204-F8E5-4D82-B2D9-725D752ECECB}.Release|x64.ActiveCfg = Release|x64
		{95F4D204-F8E5-4D82-B2D9-725D752ECECB}.Release|x64.Build.0 = Release|x64
		{95F4D204-F8E5-4D82-B2D9-725D752ECECB}.Release|x86.ActiveCfg = Release|Win32
		{95F4D204-F8E5-4D82-B2D9-725D752ECECB}.Release|x86.Build.0 = Release|Win32
	EndGlobalSection
	GlobalSection(SolutionProperties) = preSolution
		HideSolutionNode = FALSE
	EndGlobalSection
	GlobalSection(NestedProjects) = preSolution
		{B432834C-EB8F-4AA7-901F-0A7113ECC657} = {846F7B03-8369-4D7F-B797-002D761A9C90}
		{494190CF-79B0-49D9-8DCA-BAB4CBD5A2E6} = {846F7B03-8369-4D7F-B797-002D761A9C90}
		{C8742234-5F59-42EC-854B-C5C8FA8C127A} = {1075BCEA-F3F4-49EA-BD12-30390B4F3A09}
		{C5DF0224-C294-41FE-983D-04C39C75242C} = {1075BCEA-F3F4-49EA-BD12-30390B4F3A09}
		{1A628163-ABDA-4806-B93B-B6063DF7ED02} = {1075BCEA-F3F4-49EA-BD12-30390B4F3A09}
		{F51FA2FD-4F20-4472-88F4-8A13CF234984} = {93204C80-4DB0-4347-ACE3-17A2AEC95099}
		{03E03F32-B4C5-493C-993F-F81FE5E5DAED} = {F51FA2FD-4F20-4472-88F4-8A13CF234984}
		{692E91EB-527D-4B84-AA92-1D13EA3924F9} = {1075BCEA-F3F4-49EA-BD12-30390B4F3A09}
		{E1A3ACF4-72BB-4867-BA54-B7332BF13AB4} = {1075BCEA-F3F4-49EA-BD12-30390B4F3A09}
		{44AA7640-E99B-47BA-8F6E-61E7206CFC33} = {1075BCEA-F3F4-49EA-BD12-30390B4F3A09}
		{56B271AE-8FFE-44C2-A0FB-EA7306ECD664} = {1075BCEA-F3F4-49EA-BD12-30390B4F3A09}
		{E77C0BCF-1286-4EB0-B5A1-E809BB936AF9} = {1075BCEA-F3F4-49EA-BD12-30390B4F3A09}
		{9C115691-ABD6-4963-8C48-9DB212E5F4CA} = {1075BCEA-F3F4-49EA-BD12-30390B4F3A09}
		{BA660E7F-D9AE-49AA-8ADF-0A53CE284D3E} = {DF0B50C9-5F6B-4F81-9C4D-D7CB30868C8D}
		{7E332748-5155-49AA-89C4-C588C4724DFB} = {DF0B50C9-5F6B-4F81-9C4D-D7CB30868C8D}
		{89559945-4AAA-497D-BDC4-CA34CF9BEC44} = {DF0B50C9-5F6B-4F81-9C4D-D7CB30868C8D}
		{95F4D204-F8E5-4D82-B2D9-725D752ECECB} = {DF0B50C9-5F6B-4F81-9C4D-D7CB30868C8D}
	EndGlobalSection
	GlobalSection(ExtensibilityGlobals) = postSolution
		SolutionGuid = {B798ECB5-8B52-48F9-AC34-A677A8B2A275}
	EndGlobalSection
EndGlobal
