<?xml version="1.0" encoding="utf-8"?>
<Project ToolsVersion="4.0" xmlns="http://schemas.microsoft.com/developer/msbuild/2003">
  <ItemGroup>
    <ClCompile Include="DateTime.cpp">
      <Filter>Sources</Filter>
    </ClCompile>
    <ClCompile Include="DMProcess.cpp">
      <Filter>Sources</Filter>
    </ClCompile>
    <ClCompile Include="DMString.cpp">
      <Filter>Sources</Filter>
    </ClCompile>
    <ClCompile Include="ETWLogger.cpp">
      <Filter>Sources</Filter>
    </ClCompile>
    <ClCompile Include="jsoncpp.cpp">
      <Filter>Sources</Filter>
    </ClCompile>
    <ClCompile Include="Logger.cpp">
      <Filter>Sources</Filter>
    </ClCompile>
    <ClCompile Include="Registry.cpp">
      <Filter>Sources</Filter>
    </ClCompile>
    <ClCompile Include="stdafx.cpp">
      <Filter>Sources</Filter>
    </ClCompile>
    <ClCompile Include="TpmSupport.cpp">
      <Filter>Sources</Filter>
    </ClCompile>
    <ClCompile Include="TaskQueue.cpp">
      <Filter>Sources</Filter>
    </ClCompile>
    <ClCompile Include="JsonUtils.cpp">
      <Filter>Sources</Filter>
    </ClCompile>
    <ClCompile Include="File.cpp">
      <Filter>Sources</Filter>
    </ClCompile>
    <ClCompile Include="FileSystem.cpp">
      <Filter>Sources</Filter>
    </ClCompile>
    <ClCompile Include="Guid.cpp">
      <Filter>Sources</Filter>
    </ClCompile>
    <ClCompile Include="DMException.cpp">
      <Filter>Sources</Filter>
    </ClCompile>
    <ClCompile Include="Shell.cpp">
      <Filter>Sources</Filter>
    </ClCompile>
    <ClCompile Include="Impersonator.cpp">
      <Filter>Sources</Filter>
    </ClCompile>
    <ClCompile Include="DependencySort.cpp">
      <Filter>Sources</Filter>
    </ClCompile>
  </ItemGroup>
  <ItemGroup>
    <ClInclude Include="AutoCloseBase.h">
      <Filter>Headers</Filter>
    </ClInclude>
    <ClInclude Include="AutoCloseHandle.h">
      <Filter>Headers</Filter>
    </ClInclude>
    <ClInclude Include="AutoCloseTypes.h">
      <Filter>Headers</Filter>
    </ClInclude>
    <ClInclude Include="DateTime.h">
      <Filter>Headers</Filter>
    </ClInclude>
    <ClInclude Include="DMException.h">
      <Filter>Headers</Filter>
    </ClInclude>
    <ClInclude Include="DMProcess.h">
      <Filter>Headers</Filter>
    </ClInclude>
    <ClInclude Include="DMString.h">
      <Filter>Headers</Filter>
    </ClInclude>
    <ClInclude Include="DMThread.h">
      <Filter>Headers</Filter>
    </ClInclude>
    <ClInclude Include="ETWLogger.h">
      <Filter>Headers</Filter>
    </ClInclude>
    <ClInclude Include="Logger.h">
      <Filter>Headers</Filter>
    </ClInclude>
    <ClInclude Include="Registry.h">
      <Filter>Headers</Filter>
    </ClInclude>
    <ClInclude Include="stdafx.h">
      <Filter>Headers</Filter>
    </ClInclude>
    <ClInclude Include="targetver.h">
      <Filter>Headers</Filter>
    </ClInclude>
    <ClInclude Include="ResultMacros.h">
      <Filter>Headers</Filter>
    </ClInclude>
    <ClInclude Include="TpmSupport.h">
      <Filter>Headers</Filter>
    </ClInclude>
    <ClInclude Include="Utils.h">
      <Filter>Headers</Filter>
    </ClInclude>
    <ClInclude Include="json\json.h">
      <Filter>Headers\json</Filter>
    </ClInclude>
    <ClInclude Include="json\json-forwards.h">
      <Filter>Headers\json</Filter>
    </ClInclude>
    <ClInclude Include="TaskQueue.h">
      <Filter>Headers</Filter>
    </ClInclude>
    <ClInclude Include="JsonUtils.h">
      <Filter>Headers</Filter>
    </ClInclude>
    <ClInclude Include="FileSystem.h">
      <Filter>Headers</Filter>
    </ClInclude>
    <ClInclude Include="File.h">
      <Filter>Headers</Filter>
    </ClInclude>
    <ClInclude Include="Guid.h">
      <Filter>Headers</Filter>
    </ClInclude>
    <ClInclude Include="DMErrors.h">
      <Filter>Headers</Filter>
    </ClInclude>
    <ClInclude Include="Shell.h">
      <Filter>Headers</Filter>
    </ClInclude>
    <ClInclude Include="Impersonator.h">
      <Filter>Headers</Filter>
    </ClInclude>
    <ClInclude Include="Version.h">
      <Filter>Headers</Filter>
    </ClInclude>
    <ClInclude Include="DependencySort.h">
      <Filter>Headers</Filter>
    </ClInclude>
  </ItemGroup>
  <ItemGroup>
    <Filter Include="Headers">
      <UniqueIdentifier>{e46fe9c9-2ee6-48e8-b97e-7f8becefdb1b}</UniqueIdentifier>
    </Filter>
    <Filter Include="Sources">
      <UniqueIdentifier>{4271176d-8b00-4751-9bda-9da928f05f73}</UniqueIdentifier>
    </Filter>
    <Filter Include="Headers\json">
      <UniqueIdentifier>{9d8b16b5-ffc1-44fe-9d64-518c400dd1d3}</UniqueIdentifier>
    </Filter>
  </ItemGroup>
</Project>